
Microsoft Visual Studio Solution File, Format Version 12.00
# Visual Studio 15
Project("{FAE04EC0-301F-11D3-BF4B-00C04F79EFBC}") = "Assembly-CSharp", "Assembly-CSharp.csproj", "{E83759E6-82E6-D124-AFF8-EAD388080C6C}"
EndProject
Project("{FAE04EC0-301F-11D3-BF4B-00C04F79EFBC}") = "Assembly-CSharp-Editor", "Assembly-CSharp-Editor.csproj", "{3B71D485-CDF5-8C23-133B-25BC7DC632B4}"
EndProject
Global
	GlobalSection(SolutionConfigurationPlatforms) = preSolution
		Debug|Any CPU = Debug|Any CPU
		Release|Any CPU = Release|Any CPU
	EndGlobalSection
	GlobalSection(ProjectConfigurationPlatforms) = postSolution
		{E83759E6-82E6-D124-AFF8-EAD388080C6C}.Debug|Any CPU.ActiveCfg = Debug|Any CPU
		{E83759E6-82E6-D124-AFF8-EAD388080C6C}.Debug|Any CPU.Build.0 = Debug|Any CPU
		{E83759E6-82E6-D124-AFF8-EAD388080C6C}.Release|Any CPU.ActiveCfg = Release|Any CPU
		{E83759E6-82E6-D124-AFF8-EAD388080C6C}.Release|Any CPU.Build.0 = Release|Any CPU
		{3B71D485-CDF5-8C23-133B-25BC7DC632B4}.Debug|Any CPU.ActiveCfg = Debug|Any CPU
		{3B71D485-CDF5-8C23-133B-25BC7DC632B4}.Debug|Any CPU.Build.0 = Debug|Any CPU
		{3B71D485-CDF5-8C23-133B-25BC7DC632B4}.Release|Any CPU.ActiveCfg = Release|Any CPU
		{3B71D485-CDF5-8C23-133B-25BC7DC632B4}.Release|Any CPU.Build.0 = Release|Any CPU
	EndGlobalSection
	GlobalSection(SolutionProperties) = preSolution
		HideSolutionNode = FALSE
	EndGlobalSection
EndGlobal
